
Microsoft Visual Studio Solution File, Format Version 12.00
# Visual Studio Version 16
VisualStudioVersion = 16.0.30611.23
MinimumVisualStudioVersion = 10.0.40219.1
Project("{FAE04EC0-301F-11D3-BF4B-00C04F79EFBC}") = "Teacher_salay_mangement_system", "Teacher_salay_mangement_system.csproj", "{C32227E2-EBA1-4792-A971-CFB5E44834C6}"
EndProject
Global
	GlobalSection(SolutionConfigurationPlatforms) = preSolution
		Debug|Any CPU = Debug|Any CPU
		Release|Any CPU = Release|Any CPU
	EndGlobalSection
	GlobalSection(ProjectConfigurationPlatforms) = postSolution
		{C32227E2-EBA1-4792-A971-CFB5E44834C6}.Debug|Any CPU.ActiveCfg = Debug|Any CPU
		{C32227E2-EBA1-4792-A971-CFB5E44834C6}.Debug|Any CPU.Build.0 = Debug|Any CPU
		{C32227E2-EBA1-4792-A971-CFB5E44834C6}.Release|Any CPU.ActiveCfg = Release|Any CPU
		{C32227E2-EBA1-4792-A971-CFB5E44834C6}.Release|Any CPU.Build.0 = Release|Any CPU
	EndGlobalSection
	GlobalSection(SolutionProperties) = preSolution
		HideSolutionNode = FALSE
	EndGlobalSection
	GlobalSection(ExtensibilityGlobals) = postSolution
		SolutionGuid = {047CE1B5-2456-4466-9074-21381438BA24}
	EndGlobalSection
EndGlobal
